
Microsoft Visual Studio Solution File, Format Version 12.00
# Visual Studio Version 17
VisualStudioVersion = 17.12.35514.174
MinimumVisualStudioVersion = 10.0.40219.1
Project("{FAE04EC0-301F-11D3-BF4B-00C04F79EFBC}") = "Article01", "Article01\Article01.csproj", "{8049F912-BF37-4B44-BE85-C0EFFCEA4CD1}"
EndProject
Project("{FAE04EC0-301F-11D3-BF4B-00C04F79EFBC}") = "Article05", "Article05\Article05.csproj", "{0EE2C44A-A6BF-46C2-A222-90B9A4B9877B}"
EndProject
Project("{FAE04EC0-301F-11D3-BF4B-00C04F79EFBC}") = "Article02", "Article02\Article02.csproj", "{3C570471-59C9-40EF-B578-FF334A08D0E7}"
EndProject
Project("{FAE04EC0-301F-11D3-BF4B-00C04F79EFBC}") = "Article03", "Article03\Article03.csproj", "{66F08B13-4DBB-44F7-8804-2557C4B76E72}"
EndProject
Project("{FAE04EC0-301F-11D3-BF4B-00C04F79EFBC}") = "Article04", "Article04\Article04.csproj", "{D7B0D96D-522E-4C42-9EAF-E60691A8DB7A}"
EndProject
Project("{FAE04EC0-301F-11D3-BF4B-00C04F79EFBC}") = "Article06", "Article06\Article06.csproj", "{4B08C7F9-49EC-43F9-BC75-894C698143DD}"
EndProject
Project("{FAE04EC0-301F-11D3-BF4B-00C04F79EFBC}") = "Article07", "Article07\Article07.csproj", "{A617BA3D-2832-4F3E-8106-24E1D5FE37EE}"
EndProject
Project("{FAE04EC0-301F-11D3-BF4B-00C04F79EFBC}") = "Article08", "Article08\Article08.csproj", "{9C34C027-DD86-406F-B9BD-03506144EA64}"
EndProject
Project("{FAE04EC0-301F-11D3-BF4B-00C04F79EFBC}") = "Article09", "Article09\Article09.csproj", "{CFD97064-246A-419B-A6E0-80FBB9A76ACE}"
EndProject
Project("{FAE04EC0-301F-11D3-BF4B-00C04F79EFBC}") = "Article10", "Article10\Article10.csproj", "{5F9B4723-CF66-4EB0-BFB7-91D420B09F23}"
EndProject
Project("{FAE04EC0-301F-11D3-BF4B-00C04F79EFBC}") = "Article11", "Article11\Article11.csproj", "{4D4BFA1A-D716-4001-AC62-2D7A157B07DA}"
EndProject
Project("{FAE04EC0-301F-11D3-BF4B-00C04F79EFBC}") = "Article12", "Article12\Article12.csproj", "{CAC1D69E-1A49-4B0A-B8F4-8C7C2E69F583}"
EndProject
Project("{FAE04EC0-301F-11D3-BF4B-00C04F79EFBC}") = "Article13", "Article13\Article13.csproj", "{49FAD39A-180E-475C-BE18-C907B1B56B78}"
EndProject
Project("{FAE04EC0-301F-11D3-BF4B-00C04F79EFBC}") = "Article14", "Article14\Article14.csproj", "{B16A5F5F-F626-42FB-9095-6A7AD34C7AD8}"
EndProject
Project("{FAE04EC0-301F-11D3-BF4B-00C04F79EFBC}") = "Article15", "Article15\Article15.csproj", "{E025FDEF-F98C-4A25-83B4-DD9B2FB2C9EA}"
EndProject
Project("{FAE04EC0-301F-11D3-BF4B-00C04F79EFBC}") = "Article16", "Article16\Article16.csproj", "{11BFF179-59CB-446F-849C-6104FF689258}"
EndProject
Project("{FAE04EC0-301F-11D3-BF4B-00C04F79EFBC}") = "Article17", "Article17\Article17.csproj", "{768C7D14-D532-4B11-842F-EFF74457F4FE}"
EndProject
Project("{FAE04EC0-301F-11D3-BF4B-00C04F79EFBC}") = "Article18", "Article18\Article18.csproj", "{6F750126-574C-4766-8E00-7D43F0B9DB5E}"
EndProject
Project("{FAE04EC0-301F-11D3-BF4B-00C04F79EFBC}") = "Article19", "Article19\Article19.csproj", "{B1AC32E0-14A2-45A9-9F71-8C802E295F23}"
EndProject
Project("{FAE04EC0-301F-11D3-BF4B-00C04F79EFBC}") = "Article20", "Article20\Article20.csproj", "{A9056D26-1A7F-4257-8F73-1459FBCCCF08}"
EndProject
Project("{FAE04EC0-301F-11D3-BF4B-00C04F79EFBC}") = "Article21", "Article21\Article21.csproj", "{A6D6AD49-5D9B-4E1A-BCC4-23CB7D09B135}"
EndProject
Project("{FAE04EC0-301F-11D3-BF4B-00C04F79EFBC}") = "Article22", "Article22\Article22.csproj", "{CE8DC4F4-499E-4BD4-AEE5-7A6740D17262}"
EndProject
Global
	GlobalSection(SolutionConfigurationPlatforms) = preSolution
		Debug|Any CPU = Debug|Any CPU
		Release|Any CPU = Release|Any CPU
	EndGlobalSection
	GlobalSection(ProjectConfigurationPlatforms) = postSolution
		{8049F912-BF37-4B44-BE85-C0EFFCEA4CD1}.Debug|Any CPU.ActiveCfg = Debug|Any CPU
		{8049F912-BF37-4B44-BE85-C0EFFCEA4CD1}.Debug|Any CPU.Build.0 = Debug|Any CPU
		{8049F912-BF37-4B44-BE85-C0EFFCEA4CD1}.Release|Any CPU.ActiveCfg = Release|Any CPU
		{8049F912-BF37-4B44-BE85-C0EFFCEA4CD1}.Release|Any CPU.Build.0 = Release|Any CPU
		{0EE2C44A-A6BF-46C2-A222-90B9A4B9877B}.Debug|Any CPU.ActiveCfg = Debug|Any CPU
		{0EE2C44A-A6BF-46C2-A222-90B9A4B9877B}.Debug|Any CPU.Build.0 = Debug|Any CPU
		{0EE2C44A-A6BF-46C2-A222-90B9A4B9877B}.Release|Any CPU.ActiveCfg = Release|Any CPU
		{0EE2C44A-A6BF-46C2-A222-90B9A4B9877B}.Release|Any CPU.Build.0 = Release|Any CPU
		{3C570471-59C9-40EF-B578-FF334A08D0E7}.Debug|Any CPU.ActiveCfg = Debug|Any CPU
		{3C570471-59C9-40EF-B578-FF334A08D0E7}.Debug|Any CPU.Build.0 = Debug|Any CPU
		{3C570471-59C9-40EF-B578-FF334A08D0E7}.Release|Any CPU.ActiveCfg = Release|Any CPU
		{3C570471-59C9-40EF-B578-FF334A08D0E7}.Release|Any CPU.Build.0 = Release|Any CPU
		{66F08B13-4DBB-44F7-8804-2557C4B76E72}.Debug|Any CPU.ActiveCfg = Debug|Any CPU
		{66F08B13-4DBB-44F7-8804-2557C4B76E72}.Debug|Any CPU.Build.0 = Debug|Any CPU
		{66F08B13-4DBB-44F7-8804-2557C4B76E72}.Release|Any CPU.ActiveCfg = Release|Any CPU
		{66F08B13-4DBB-44F7-8804-2557C4B76E72}.Release|Any CPU.Build.0 = Release|Any CPU
		{D7B0D96D-522E-4C42-9EAF-E60691A8DB7A}.Debug|Any CPU.ActiveCfg = Debug|Any CPU
		{D7B0D96D-522E-4C42-9EAF-E60691A8DB7A}.Debug|Any CPU.Build.0 = Debug|Any CPU
		{D7B0D96D-522E-4C42-9EAF-E60691A8DB7A}.Release|Any CPU.ActiveCfg = Release|Any CPU
		{D7B0D96D-522E-4C42-9EAF-E60691A8DB7A}.Release|Any CPU.Build.0 = Release|Any CPU
		{4B08C7F9-49EC-43F9-BC75-894C698143DD}.Debug|Any CPU.ActiveCfg = Debug|Any CPU
		{4B08C7F9-49EC-43F9-BC75-894C698143DD}.Debug|Any CPU.Build.0 = Debug|Any CPU
		{4B08C7F9-49EC-43F9-BC75-894C698143DD}.Release|Any CPU.ActiveCfg = Release|Any CPU
		{4B08C7F9-49EC-43F9-BC75-894C698143DD}.Release|Any CPU.Build.0 = Release|Any CPU
		{A617BA3D-2832-4F3E-8106-24E1D5FE37EE}.Debug|Any CPU.ActiveCfg = Debug|Any CPU
		{A617BA3D-2832-4F3E-8106-24E1D5FE37EE}.Debug|Any CPU.Build.0 = Debug|Any CPU
		{A617BA3D-2832-4F3E-8106-24E1D5FE37EE}.Release|Any CPU.ActiveCfg = Release|Any CPU
		{A617BA3D-2832-4F3E-8106-24E1D5FE37EE}.Release|Any CPU.Build.0 = Release|Any CPU
		{9C34C027-DD86-406F-B9BD-03506144EA64}.Debug|Any CPU.ActiveCfg = Debug|Any CPU
		{9C34C027-DD86-406F-B9BD-03506144EA64}.Debug|Any CPU.Build.0 = Debug|Any CPU
		{9C34C027-DD86-406F-B9BD-03506144EA64}.Release|Any CPU.ActiveCfg = Release|Any CPU
		{9C34C027-DD86-406F-B9BD-03506144EA64}.Release|Any CPU.Build.0 = Release|Any CPU
		{CFD97064-246A-419B-A6E0-80FBB9A76ACE}.Debug|Any CPU.ActiveCfg = Debug|Any CPU
		{CFD97064-246A-419B-A6E0-80FBB9A76ACE}.Debug|Any CPU.Build.0 = Debug|Any CPU
		{CFD97064-246A-419B-A6E0-80FBB9A76ACE}.Release|Any CPU.ActiveCfg = Release|Any CPU
		{CFD97064-246A-419B-A6E0-80FBB9A76ACE}.Release|Any CPU.Build.0 = Release|Any CPU
		{5F9B4723-CF66-4EB0-BFB7-91D420B09F23}.Debug|Any CPU.ActiveCfg = Debug|Any CPU
		{5F9B4723-CF66-4EB0-BFB7-91D420B09F23}.Debug|Any CPU.Build.0 = Debug|Any CPU
		{5F9B4723-CF66-4EB0-BFB7-91D420B09F23}.Release|Any CPU.ActiveCfg = Release|Any CPU
		{5F9B4723-CF66-4EB0-BFB7-91D420B09F23}.Release|Any CPU.Build.0 = Release|Any CPU
		{4D4BFA1A-D716-4001-AC62-2D7A157B07DA}.Debug|Any CPU.ActiveCfg = Debug|Any CPU
		{4D4BFA1A-D716-4001-AC62-2D7A157B07DA}.Debug|Any CPU.Build.0 = Debug|Any CPU
		{4D4BFA1A-D716-4001-AC62-2D7A157B07DA}.Release|Any CPU.ActiveCfg = Release|Any CPU
		{4D4BFA1A-D716-4001-AC62-2D7A157B07DA}.Release|Any CPU.Build.0 = Release|Any CPU
		{CAC1D69E-1A49-4B0A-B8F4-8C7C2E69F583}.Debug|Any CPU.ActiveCfg = Debug|Any CPU
		{CAC1D69E-1A49-4B0A-B8F4-8C7C2E69F583}.Debug|Any CPU.Build.0 = Debug|Any CPU
		{CAC1D69E-1A49-4B0A-B8F4-8C7C2E69F583}.Release|Any CPU.ActiveCfg = Release|Any CPU
		{CAC1D69E-1A49-4B0A-B8F4-8C7C2E69F583}.Release|Any CPU.Build.0 = Release|Any CPU
		{49FAD39A-180E-475C-BE18-C907B1B56B78}.Debug|Any CPU.ActiveCfg = Debug|Any CPU
		{49FAD39A-180E-475C-BE18-C907B1B56B78}.Debug|Any CPU.Build.0 = Debug|Any CPU
		{49FAD39A-180E-475C-BE18-C907B1B56B78}.Release|Any CPU.ActiveCfg = Release|Any CPU
		{49FAD39A-180E-475C-BE18-C907B1B56B78}.Release|Any CPU.Build.0 = Release|Any CPU
		{B16A5F5F-F626-42FB-9095-6A7AD34C7AD8}.Debug|Any CPU.ActiveCfg = Debug|Any CPU
		{B16A5F5F-F626-42FB-9095-6A7AD34C7AD8}.Debug|Any CPU.Build.0 = Debug|Any CPU
		{B16A5F5F-F626-42FB-9095-6A7AD34C7AD8}.Release|Any CPU.ActiveCfg = Release|Any CPU
		{B16A5F5F-F626-42FB-9095-6A7AD34C7AD8}.Release|Any CPU.Build.0 = Release|Any CPU
		{E025FDEF-F98C-4A25-83B4-DD9B2FB2C9EA}.Debug|Any CPU.ActiveCfg = Debug|Any CPU
		{E025FDEF-F98C-4A25-83B4-DD9B2FB2C9EA}.Debug|Any CPU.Build.0 = Debug|Any CPU
		{E025FDEF-F98C-4A25-83B4-DD9B2FB2C9EA}.Release|Any CPU.ActiveCfg = Release|Any CPU
		{E025FDEF-F98C-4A25-83B4-DD9B2FB2C9EA}.Release|Any CPU.Build.0 = Release|Any CPU
		{11BFF179-59CB-446F-849C-6104FF689258}.Debug|Any CPU.ActiveCfg = Debug|Any CPU
		{11BFF179-59CB-446F-849C-6104FF689258}.Debug|Any CPU.Build.0 = Debug|Any CPU
		{11BFF179-59CB-446F-849C-6104FF689258}.Release|Any CPU.ActiveCfg = Release|Any CPU
		{11BFF179-59CB-446F-849C-6104FF689258}.Release|Any CPU.Build.0 = Release|Any CPU
		{768C7D14-D532-4B11-842F-EFF74457F4FE}.Debug|Any CPU.ActiveCfg = Debug|Any CPU
		{768C7D14-D532-4B11-842F-EFF74457F4FE}.Debug|Any CPU.Build.0 = Debug|Any CPU
		{768C7D14-D532-4B11-842F-EFF74457F4FE}.Release|Any CPU.ActiveCfg = Release|Any CPU
		{768C7D14-D532-4B11-842F-EFF74457F4FE}.Release|Any CPU.Build.0 = Release|Any CPU
		{6F750126-574C-4766-8E00-7D43F0B9DB5E}.Debug|Any CPU.ActiveCfg = Debug|Any CPU
		{6F750126-574C-4766-8E00-7D43F0B9DB5E}.Debug|Any CPU.Build.0 = Debug|Any CPU
		{6F750126-574C-4766-8E00-7D43F0B9DB5E}.Release|Any CPU.ActiveCfg = Release|Any CPU
		{6F750126-574C-4766-8E00-7D43F0B9DB5E}.Release|Any CPU.Build.0 = Release|Any CPU
		{B1AC32E0-14A2-45A9-9F71-8C802E295F23}.Debug|Any CPU.ActiveCfg = Debug|Any CPU
		{B1AC32E0-14A2-45A9-9F71-8C802E295F23}.Debug|Any CPU.Build.0 = Debug|Any CPU
		{B1AC32E0-14A2-45A9-9F71-8C802E295F23}.Release|Any CPU.ActiveCfg = Release|Any CPU
		{B1AC32E0-14A2-45A9-9F71-8C802E295F23}.Release|Any CPU.Build.0 = Release|Any CPU
		{A9056D26-1A7F-4257-8F73-1459FBCCCF08}.Debug|Any CPU.ActiveCfg = Debug|Any CPU
		{A9056D26-1A7F-4257-8F73-1459FBCCCF08}.Debug|Any CPU.Build.0 = Debug|Any CPU
		{A9056D26-1A7F-4257-8F73-1459FBCCCF08}.Release|Any CPU.ActiveCfg = Release|Any CPU
		{A9056D26-1A7F-4257-8F73-1459FBCCCF08}.Release|Any CPU.Build.0 = Release|Any CPU
		{A6D6AD49-5D9B-4E1A-BCC4-23CB7D09B135}.Debug|Any CPU.ActiveCfg = Debug|Any CPU
		{A6D6AD49-5D9B-4E1A-BCC4-23CB7D09B135}.Debug|Any CPU.Build.0 = Debug|Any CPU
		{A6D6AD49-5D9B-4E1A-BCC4-23CB7D09B135}.Release|Any CPU.ActiveCfg = Release|Any CPU
		{A6D6AD49-5D9B-4E1A-BCC4-23CB7D09B135}.Release|Any CPU.Build.0 = Release|Any CPU
		{CE8DC4F4-499E-4BD4-AEE5-7A6740D17262}.Debug|Any CPU.ActiveCfg = Debug|Any CPU
		{CE8DC4F4-499E-4BD4-AEE5-7A6740D17262}.Debug|Any CPU.Build.0 = Debug|Any CPU
		{CE8DC4F4-499E-4BD4-AEE5-7A6740D17262}.Release|Any CPU.ActiveCfg = Release|Any CPU
		{CE8DC4F4-499E-4BD4-AEE5-7A6740D17262}.Release|Any CPU.Build.0 = Release|Any CPU
	EndGlobalSection
	GlobalSection(SolutionProperties) = preSolution
		HideSolutionNode = FALSE
	EndGlobalSection
EndGlobal
